
Microsoft Visual Studio Solution File, Format Version 12.00
# Visual Studio 15
VisualStudioVersion = 15.0.28307.271
MinimumVisualStudioVersion = 10.0.40219.1
Project("{8BC9CEB8-8B4A-11D0-8D11-00A0C91BC942}") = "FileSystem", "FileSystem-Windows\FileSystemDemo\FileSystemDemo.vcxproj", "{EF4A3188-CA93-45A2-AB52-7548669E3AA8}"
EndProject
Project("{FAE04EC0-301F-11D3-BF4B-00C04F79EFBC}") = "GUI", "GUI\GUI.csproj", "{8FA238CD-0C14-490C-93D9-9DF2DA9E93CA}"
EndProject
Project("{8BC9CEB8-8B4A-11D0-8D11-00A0C91BC942}") = "DateTime", "DateTime\DateTime.vcxproj", "{C1E1F450-B7E1-4796-84D5-7D3C831DFF68}"
EndProject
Project("{8BC9CEB8-8B4A-11D0-8D11-00A0C91BC942}") = "DbCore", "DbCore\DbCore.vcxproj", "{9EDDB1B5-90E6-4D4F-8B3B-DBA3E3FFDB7A}"
EndProject
Project("{8BC9CEB8-8B4A-11D0-8D11-00A0C91BC942}") = "Query", "Query\Query.vcxproj", "{0DDED5ED-E81B-444A-8740-96C51A833BC2}"
EndProject
Project("{8BC9CEB8-8B4A-11D0-8D11-00A0C91BC942}") = "StringUtilities", "Utilities\StringUtilities\StringUtilities.vcxproj", "{54741A09-EEF4-4964-8EE4-4EBB861482A9}"
EndProject
Project("{8BC9CEB8-8B4A-11D0-8D11-00A0C91BC942}") = "Check-In", "Check-In\Check-In.vcxproj", "{8F39FCA7-DFA1-4E06-8DDD-26D14B159E08}"
EndProject
Project("{8BC9CEB8-8B4A-11D0-8D11-00A0C91BC942}") = "TestUtilities", "Utilities\TestUtilities\TestUtilities.vcxproj", "{A8DC26E8-826F-4714-8B5E-408E0DD30C74}"
EndProject
Project("{8BC9CEB8-8B4A-11D0-8D11-00A0C91BC942}") = "Payload", "Payload\Payload.vcxproj", "{0CC02DF4-4DD8-4951-BA31-E7FA39CAE66E}"
EndProject
Project("{8BC9CEB8-8B4A-11D0-8D11-00A0C91BC942}") = "Version", "Version\Version.vcxproj", "{D073A0F8-68E5-4CB7-81EF-25585EC51C30}"
EndProject
Project("{8BC9CEB8-8B4A-11D0-8D11-00A0C91BC942}") = "Check-Out", "Check-Out\Check-Out.vcxproj", "{0C155F1C-FEAB-4980-A041-A6CFDD83FCB4}"
EndProject
Project("{8BC9CEB8-8B4A-11D0-8D11-00A0C91BC942}") = "Translater", "Translater\Translater.vcxproj", "{6105617E-3D4C-4914-BA33-E3D053496BA3}"
EndProject
Project("{8BC9CEB8-8B4A-11D0-8D11-00A0C91BC942}") = "MsgPassingComm", "CppCommWithFileXfer\MsgPassingComm\MsgPassingComm.vcxproj", "{6E58E051-CC07-4D7F-92A4-06A117A79CA7}"
EndProject
Project("{8BC9CEB8-8B4A-11D0-8D11-00A0C91BC942}") = "Cpp11-BlockingQueue", "CppCommWithFileXfer\Cpp11-BlockingQueue\Cpp11-BlockingQueue.vcxproj", "{38A1D03D-7747-4F79-9539-358F1D1D8DD7}"
EndProject
Project("{8BC9CEB8-8B4A-11D0-8D11-00A0C91BC942}") = "CommLibWrapper", "CommLibWrapper\CommLibWrapper.vcxproj", "{B1DB1846-C0FC-48EF-80E4-DC556E9240FA}"
EndProject
Project("{8BC9CEB8-8B4A-11D0-8D11-00A0C91BC942}") = "Utilities", "CppCommWithFileXfer\Utilities\Utilities.vcxproj", "{462B43B2-8B13-4178-BF2A-903F76F1985C}"
EndProject
Project("{8BC9CEB8-8B4A-11D0-8D11-00A0C91BC942}") = "Message", "CppCommWithFileXfer\Message\Message.vcxproj", "{4133D528-AB6D-4CCD-AF37-67536F36154C}"
EndProject
Project("{8BC9CEB8-8B4A-11D0-8D11-00A0C91BC942}") = "Sockets", "CppCommWithFileXfer\Sockets\Sockets.vcxproj", "{CA3129B8-1BF4-44C9-B116-53EC72D0BCCB}"
EndProject
Project("{8BC9CEB8-8B4A-11D0-8D11-00A0C91BC942}") = "ServerPrototype", "ServerPrototype\ServerPrototype.vcxproj", "{FD4E1C9E-ECA7-49CD-A3CE-B9F99864B835}"
EndProject
Project("{8BC9CEB8-8B4A-11D0-8D11-00A0C91BC942}") = "Persist", "Persist\Persist.vcxproj", "{34F22703-E735-49BC-AD9C-7440A7B7E2AB}"
EndProject
Project("{8BC9CEB8-8B4A-11D0-8D11-00A0C91BC942}") = "Process", "Process\Process\Process.vcxproj", "{5E2548A1-C280-49E1-A2B6-55F4BA12B3F2}"
EndProject
Project("{8BC9CEB8-8B4A-11D0-8D11-00A0C91BC942}") = "XmlDocument", "XML Document\XmlDocument\XmlDocument.vcxproj", "{0A82ECDC-7520-453A-8F2C-D813FEEE7537}"
EndProject
Project("{8BC9CEB8-8B4A-11D0-8D11-00A0C91BC942}") = "XmlElement", "XML Document\XmlElement\XmlElement.vcxproj", "{406B7BC4-3A0D-4E79-A55F-39E1FB33A5ED}"
EndProject
Project("{8BC9CEB8-8B4A-11D0-8D11-00A0C91BC942}") = "XmlElementParts", "XML Document\XmlElementParts\XmlElementParts.vcxproj", "{E683E9BA-1F9A-4236-BD75-288F90B1244C}"
EndProject
Project("{8BC9CEB8-8B4A-11D0-8D11-00A0C91BC942}") = "XmlParser", "XML Document\XmlParser\XmlParser.vcxproj", "{82A1627C-4365-4154-A360-301EB80F1521}"
EndProject
Project("{8BC9CEB8-8B4A-11D0-8D11-00A0C91BC942}") = "Repository", "Repository\Repository.vcxproj", "{8A4B684D-3A0F-4008-8B82-142BB04E548A}"
EndProject
Global
	GlobalSection(SolutionConfigurationPlatforms) = preSolution
		Debug|Any CPU = Debug|Any CPU
		Debug|x64 = Debug|x64
		Debug|x86 = Debug|x86
		Release|Any CPU = Release|Any CPU
		Release|x64 = Release|x64
		Release|x86 = Release|x86
	EndGlobalSection
	GlobalSection(ProjectConfigurationPlatforms) = postSolution
		{EF4A3188-CA93-45A2-AB52-7548669E3AA8}.Debug|Any CPU.ActiveCfg = Debug|Win32
		{EF4A3188-CA93-45A2-AB52-7548669E3AA8}.Debug|x64.ActiveCfg = Debug|Win32
		{EF4A3188-CA93-45A2-AB52-7548669E3AA8}.Debug|x86.ActiveCfg = Debug|Win32
		{EF4A3188-CA93-45A2-AB52-7548669E3AA8}.Debug|x86.Build.0 = Debug|Win32
		{EF4A3188-CA93-45A2-AB52-7548669E3AA8}.Release|Any CPU.ActiveCfg = Release|Win32
		{EF4A3188-CA93-45A2-AB52-7548669E3AA8}.Release|x64.ActiveCfg = Release|Win32
		{EF4A3188-CA93-45A2-AB52-7548669E3AA8}.Release|x86.ActiveCfg = Release|Win32
		{EF4A3188-CA93-45A2-AB52-7548669E3AA8}.Release|x86.Build.0 = Release|Win32
		{8FA238CD-0C14-490C-93D9-9DF2DA9E93CA}.Debug|Any CPU.ActiveCfg = Debug|Any CPU
		{8FA238CD-0C14-490C-93D9-9DF2DA9E93CA}.Debug|Any CPU.Build.0 = Debug|Any CPU
		{8FA238CD-0C14-490C-93D9-9DF2DA9E93CA}.Debug|x64.ActiveCfg = Debug|x64
		{8FA238CD-0C14-490C-93D9-9DF2DA9E93CA}.Debug|x64.Build.0 = Debug|x64
		{8FA238CD-0C14-490C-93D9-9DF2DA9E93CA}.Debug|x86.ActiveCfg = Debug|x86
		{8FA238CD-0C14-490C-93D9-9DF2DA9E93CA}.Debug|x86.Build.0 = Debug|x86
		{8FA238CD-0C14-490C-93D9-9DF2DA9E93CA}.Release|Any CPU.ActiveCfg = Release|Any CPU
		{8FA238CD-0C14-490C-93D9-9DF2DA9E93CA}.Release|Any CPU.Build.0 = Release|Any CPU
		{8FA238CD-0C14-490C-93D9-9DF2DA9E93CA}.Release|x64.ActiveCfg = Release|x64
		{8FA238CD-0C14-490C-93D9-9DF2DA9E93CA}.Release|x64.Build.0 = Release|x64
		{8FA238CD-0C14-490C-93D9-9DF2DA9E93CA}.Release|x86.ActiveCfg = Release|x86
		{8FA238CD-0C14-490C-93D9-9DF2DA9E93CA}.Release|x86.Build.0 = Release|x86
		{C1E1F450-B7E1-4796-84D5-7D3C831DFF68}.Debug|Any CPU.ActiveCfg = Debug|Win32
		{C1E1F450-B7E1-4796-84D5-7D3C831DFF68}.Debug|x64.ActiveCfg = Debug|x64
		{C1E1F450-B7E1-4796-84D5-7D3C831DFF68}.Debug|x64.Build.0 = Debug|x64
		{C1E1F450-B7E1-4796-84D5-7D3C831DFF68}.Debug|x86.ActiveCfg = Debug|Win32
		{C1E1F450-B7E1-4796-84D5-7D3C831DFF68}.Debug|x86.Build.0 = Debug|Win32
		{C1E1F450-B7E1-4796-84D5-7D3C831DFF68}.Release|Any CPU.ActiveCfg = Release|Win32
		{C1E1F450-B7E1-4796-84D5-7D3C831DFF68}.Release|x64.ActiveCfg = Release|x64
		{C1E1F450-B7E1-4796-84D5-7D3C831DFF68}.Release|x64.Build.0 = Release|x64
		{C1E1F450-B7E1-4796-84D5-7D3C831DFF68}.Release|x86.ActiveCfg = Release|Win32
		{C1E1F450-B7E1-4796-84D5-7D3C831DFF68}.Release|x86.Build.0 = Release|Win32
		{9EDDB1B5-90E6-4D4F-8B3B-DBA3E3FFDB7A}.Debug|Any CPU.ActiveCfg = Debug|Win32
		{9EDDB1B5-90E6-4D4F-8B3B-DBA3E3FFDB7A}.Debug|x64.ActiveCfg = Debug|x64
		{9EDDB1B5-90E6-4D4F-8B3B-DBA3E3FFDB7A}.Debug|x64.Build.0 = Debug|x64
		{9EDDB1B5-90E6-4D4F-8B3B-DBA3E3FFDB7A}.Debug|x86.ActiveCfg = Debug|Win32
		{9EDDB1B5-90E6-4D4F-8B3B-DBA3E3FFDB7A}.Debug|x86.Build.0 = Debug|Win32
		{9EDDB1B5-90E6-4D4F-8B3B-DBA3E3FFDB7A}.Release|Any CPU.ActiveCfg = Release|Win32
		{9EDDB1B5-90E6-4D4F-8B3B-DBA3E3FFDB7A}.Release|x64.ActiveCfg = Release|x64
		{9EDDB1B5-90E6-4D4F-8B3B-DBA3E3FFDB7A}.Release|x64.Build.0 = Release|x64
		{9EDDB1B5-90E6-4D4F-8B3B-DBA3E3FFDB7A}.Release|x86.ActiveCfg = Release|Win32
		{9EDDB1B5-90E6-4D4F-8B3B-DBA3E3FFDB7A}.Release|x86.Build.0 = Release|Win32
		{0DDED5ED-E81B-444A-8740-96C51A833BC2}.Debug|Any CPU.ActiveCfg = Debug|Win32
		{0DDED5ED-E81B-444A-8740-96C51A833BC2}.Debug|x64.ActiveCfg = Debug|x64
		{0DDED5ED-E81B-444A-8740-96C51A833BC2}.Debug|x64.Build.0 = Debug|x64
		{0DDED5ED-E81B-444A-8740-96C51A833BC2}.Debug|x86.ActiveCfg = Debug|Win32
		{0DDED5ED-E81B-444A-8740-96C51A833BC2}.Debug|x86.Build.0 = Debug|Win32
		{0DDED5ED-E81B-444A-8740-96C51A833BC2}.Release|Any CPU.ActiveCfg = Release|Win32
		{0DDED5ED-E81B-444A-8740-96C51A833BC2}.Release|x64.ActiveCfg = Release|x64
		{0DDED5ED-E81B-444A-8740-96C51A833BC2}.Release|x64.Build.0 = Release|x64
		{0DDED5ED-E81B-444A-8740-96C51A833BC2}.Release|x86.ActiveCfg = Release|Win32
		{0DDED5ED-E81B-444A-8740-96C51A833BC2}.Release|x86.Build.0 = Release|Win32
		{54741A09-EEF4-4964-8EE4-4EBB861482A9}.Debug|Any CPU.ActiveCfg = Debug|Win32
		{54741A09-EEF4-4964-8EE4-4EBB861482A9}.Debug|x64.ActiveCfg = Debug|x64
		{54741A09-EEF4-4964-8EE4-4EBB861482A9}.Debug|x64.Build.0 = Debug|x64
		{54741A09-EEF4-4964-8EE4-4EBB861482A9}.Debug|x86.ActiveCfg = Debug|Win32
		{54741A09-EEF4-4964-8EE4-4EBB861482A9}.Debug|x86.Build.0 = Debug|Win32
		{54741A09-EEF4-4964-8EE4-4EBB861482A9}.Release|Any CPU.ActiveCfg = Release|Win32
		{54741A09-EEF4-4964-8EE4-4EBB861482A9}.Release|x64.ActiveCfg = Release|x64
		{54741A09-EEF4-4964-8EE4-4EBB861482A9}.Release|x64.Build.0 = Release|x64
		{54741A09-EEF4-4964-8EE4-4EBB861482A9}.Release|x86.ActiveCfg = Release|Win32
		{54741A09-EEF4-4964-8EE4-4EBB861482A9}.Release|x86.Build.0 = Release|Win32
		{8F39FCA7-DFA1-4E06-8DDD-26D14B159E08}.Debug|Any CPU.ActiveCfg = Debug|Win32
		{8F39FCA7-DFA1-4E06-8DDD-26D14B159E08}.Debug|x64.ActiveCfg = Debug|x64
		{8F39FCA7-DFA1-4E06-8DDD-26D14B159E08}.Debug|x64.Build.0 = Debug|x64
		{8F39FCA7-DFA1-4E06-8DDD-26D14B159E08}.Debug|x86.ActiveCfg = Debug|Win32
		{8F39FCA7-DFA1-4E06-8DDD-26D14B159E08}.Debug|x86.Build.0 = Debug|Win32
		{8F39FCA7-DFA1-4E06-8DDD-26D14B159E08}.Release|Any CPU.ActiveCfg = Release|Win32
		{8F39FCA7-DFA1-4E06-8DDD-26D14B159E08}.Release|x64.ActiveCfg = Release|x64
		{8F39FCA7-DFA1-4E06-8DDD-26D14B159E08}.Release|x64.Build.0 = Release|x64
		{8F39FCA7-DFA1-4E06-8DDD-26D14B159E08}.Release|x86.ActiveCfg = Release|Win32
		{8F39FCA7-DFA1-4E06-8DDD-26D14B159E08}.Release|x86.Build.0 = Release|Win32
		{A8DC26E8-826F-4714-8B5E-408E0DD30C74}.Debug|Any CPU.ActiveCfg = Debug|Win32
		{A8DC26E8-826F-4714-8B5E-408E0DD30C74}.Debug|x64.ActiveCfg = Debug|x64
		{A8DC26E8-826F-4714-8B5E-408E0DD30C74}.Debug|x64.Build.0 = Debug|x64
		{A8DC26E8-826F-4714-8B5E-408E0DD30C74}.Debug|x86.ActiveCfg = Debug|Win32
		{A8DC26E8-826F-4714-8B5E-408E0DD30C74}.Debug|x86.Build.0 = Debug|Win32
		{A8DC26E8-826F-4714-8B5E-408E0DD30C74}.Release|Any CPU.ActiveCfg = Release|Win32
		{A8DC26E8-826F-4714-8B5E-408E0DD30C74}.Release|x64.ActiveCfg = Release|x64
		{A8DC26E8-826F-4714-8B5E-408E0DD30C74}.Release|x64.Build.0 = Release|x64
		{A8DC26E8-826F-4714-8B5E-408E0DD30C74}.Release|x86.ActiveCfg = Release|Win32
		{A8DC26E8-826F-4714-8B5E-408E0DD30C74}.Release|x86.Build.0 = Release|Win32
		{0CC02DF4-4DD8-4951-BA31-E7FA39CAE66E}.Debug|Any CPU.ActiveCfg = Debug|Win32
		{0CC02DF4-4DD8-4951-BA31-E7FA39CAE66E}.Debug|x64.ActiveCfg = Debug|x64
		{0CC02DF4-4DD8-4951-BA31-E7FA39CAE66E}.Debug|x64.Build.0 = Debug|x64
		{0CC02DF4-4DD8-4951-BA31-E7FA39CAE66E}.Debug|x86.ActiveCfg = Debug|Win32
		{0CC02DF4-4DD8-4951-BA31-E7FA39CAE66E}.Debug|x86.Build.0 = Debug|Win32
		{0CC02DF4-4DD8-4951-BA31-E7FA39CAE66E}.Release|Any CPU.ActiveCfg = Release|Win32
		{0CC02DF4-4DD8-4951-BA31-E7FA39CAE66E}.Release|x64.ActiveCfg = Release|x64
		{0CC02DF4-4DD8-4951-BA31-E7FA39CAE66E}.Release|x64.Build.0 = Release|x64
		{0CC02DF4-4DD8-4951-BA31-E7FA39CAE66E}.Release|x86.ActiveCfg = Release|Win32
		{0CC02DF4-4DD8-4951-BA31-E7FA39CAE66E}.Release|x86.Build.0 = Release|Win32
		{D073A0F8-68E5-4CB7-81EF-25585EC51C30}.Debug|Any CPU.ActiveCfg = Debug|Win32
		{D073A0F8-68E5-4CB7-81EF-25585EC51C30}.Debug|x64.ActiveCfg = Debug|x64
		{D073A0F8-68E5-4CB7-81EF-25585EC51C30}.Debug|x64.Build.0 = Debug|x64
		{D073A0F8-68E5-4CB7-81EF-25585EC51C30}.Debug|x86.ActiveCfg = Debug|Win32
		{D073A0F8-68E5-4CB7-81EF-25585EC51C30}.Debug|x86.Build.0 = Debug|Win32
		{D073A0F8-68E5-4CB7-81EF-25585EC51C30}.Release|Any CPU.ActiveCfg = Release|Win32
		{D073A0F8-68E5-4CB7-81EF-25585EC51C30}.Release|x64.ActiveCfg = Release|x64
		{D073A0F8-68E5-4CB7-81EF-25585EC51C30}.Release|x64.Build.0 = Release|x64
		{D073A0F8-68E5-4CB7-81EF-25585EC51C30}.Release|x86.ActiveCfg = Release|Win32
		{D073A0F8-68E5-4CB7-81EF-25585EC51C30}.Release|x86.Build.0 = Release|Win32
		{0C155F1C-FEAB-4980-A041-A6CFDD83FCB4}.Debug|Any CPU.ActiveCfg = Debug|Win32
		{0C155F1C-FEAB-4980-A041-A6CFDD83FCB4}.Debug|x64.ActiveCfg = Debug|x64
		{0C155F1C-FEAB-4980-A041-A6CFDD83FCB4}.Debug|x64.Build.0 = Debug|x64
		{0C155F1C-FEAB-4980-A041-A6CFDD83FCB4}.Debug|x86.ActiveCfg = Debug|Win32
		{0C155F1C-FEAB-4980-A041-A6CFDD83FCB4}.Debug|x86.Build.0 = Debug|Win32
		{0C155F1C-FEAB-4980-A041-A6CFDD83FCB4}.Release|Any CPU.ActiveCfg = Release|Win32
		{0C155F1C-FEAB-4980-A041-A6CFDD83FCB4}.Release|x64.ActiveCfg = Release|x64
		{0C155F1C-FEAB-4980-A041-A6CFDD83FCB4}.Release|x64.Build.0 = Release|x64
		{0C155F1C-FEAB-4980-A041-A6CFDD83FCB4}.Release|x86.ActiveCfg = Release|Win32
		{0C155F1C-FEAB-4980-A041-A6CFDD83FCB4}.Release|x86.Build.0 = Release|Win32
		{6105617E-3D4C-4914-BA33-E3D053496BA3}.Debug|Any CPU.ActiveCfg = Debug|Win32
		{6105617E-3D4C-4914-BA33-E3D053496BA3}.Debug|x64.ActiveCfg = Debug|x64
		{6105617E-3D4C-4914-BA33-E3D053496BA3}.Debug|x64.Build.0 = Debug|x64
		{6105617E-3D4C-4914-BA33-E3D053496BA3}.Debug|x86.ActiveCfg = Debug|Win32
		{6105617E-3D4C-4914-BA33-E3D053496BA3}.Debug|x86.Build.0 = Debug|Win32
		{6105617E-3D4C-4914-BA33-E3D053496BA3}.Release|Any CPU.ActiveCfg = Release|Win32
		{6105617E-3D4C-4914-BA33-E3D053496BA3}.Release|x64.ActiveCfg = Release|x64
		{6105617E-3D4C-4914-BA33-E3D053496BA3}.Release|x64.Build.0 = Release|x64
		{6105617E-3D4C-4914-BA33-E3D053496BA3}.Release|x86.ActiveCfg = Release|Win32
		{6105617E-3D4C-4914-BA33-E3D053496BA3}.Release|x86.Build.0 = Release|Win32
		{6E58E051-CC07-4D7F-92A4-06A117A79CA7}.Debug|Any CPU.ActiveCfg = Debug|Win32
		{6E58E051-CC07-4D7F-92A4-06A117A79CA7}.Debug|x64.ActiveCfg = Debug|x64
		{6E58E051-CC07-4D7F-92A4-06A117A79CA7}.Debug|x64.Build.0 = Debug|x64
		{6E58E051-CC07-4D7F-92A4-06A117A79CA7}.Debug|x86.ActiveCfg = Debug|Win32
		{6E58E051-CC07-4D7F-92A4-06A117A79CA7}.Debug|x86.Build.0 = Debug|Win32
		{6E58E051-CC07-4D7F-92A4-06A117A79CA7}.Release|Any CPU.ActiveCfg = Release|Win32
		{6E58E051-CC07-4D7F-92A4-06A117A79CA7}.Release|x64.ActiveCfg = Release|x64
		{6E58E051-CC07-4D7F-92A4-06A117A79CA7}.Release|x64.Build.0 = Release|x64
		{6E58E051-CC07-4D7F-92A4-06A117A79CA7}.Release|x86.ActiveCfg = Release|Win32
		{6E58E051-CC07-4D7F-92A4-06A117A79CA7}.Release|x86.Build.0 = Release|Win32
		{38A1D03D-7747-4F79-9539-358F1D1D8DD7}.Debug|Any CPU.ActiveCfg = Debug|Win32
		{38A1D03D-7747-4F79-9539-358F1D1D8DD7}.Debug|x64.ActiveCfg = Debug|Win32
		{38A1D03D-7747-4F79-9539-358F1D1D8DD7}.Debug|x86.ActiveCfg = Debug|Win32
		{38A1D03D-7747-4F79-9539-358F1D1D8DD7}.Debug|x86.Build.0 = Debug|Win32
		{38A1D03D-7747-4F79-9539-358F1D1D8DD7}.Release|Any CPU.ActiveCfg = Release|Win32
		{38A1D03D-7747-4F79-9539-358F1D1D8DD7}.Release|x64.ActiveCfg = Release|Win32
		{38A1D03D-7747-4F79-9539-358F1D1D8DD7}.Release|x86.ActiveCfg = Release|Win32
		{38A1D03D-7747-4F79-9539-358F1D1D8DD7}.Release|x86.Build.0 = Release|Win32
		{B1DB1846-C0FC-48EF-80E4-DC556E9240FA}.Debug|Any CPU.ActiveCfg = Debug|Win32
		{B1DB1846-C0FC-48EF-80E4-DC556E9240FA}.Debug|x64.ActiveCfg = Debug|x64
		{B1DB1846-C0FC-48EF-80E4-DC556E9240FA}.Debug|x64.Build.0 = Debug|x64
		{B1DB1846-C0FC-48EF-80E4-DC556E9240FA}.Debug|x86.ActiveCfg = Debug|Win32
		{B1DB1846-C0FC-48EF-80E4-DC556E9240FA}.Debug|x86.Build.0 = Debug|Win32
		{B1DB1846-C0FC-48EF-80E4-DC556E9240FA}.Release|Any CPU.ActiveCfg = Release|Win32
		{B1DB1846-C0FC-48EF-80E4-DC556E9240FA}.Release|x64.ActiveCfg = Release|x64
		{B1DB1846-C0FC-48EF-80E4-DC556E9240FA}.Release|x64.Build.0 = Release|x64
		{B1DB1846-C0FC-48EF-80E4-DC556E9240FA}.Release|x86.ActiveCfg = Release|Win32
		{B1DB1846-C0FC-48EF-80E4-DC556E9240FA}.Release|x86.Build.0 = Release|Win32
		{462B43B2-8B13-4178-BF2A-903F76F1985C}.Debug|Any CPU.ActiveCfg = Debug|Win32
		{462B43B2-8B13-4178-BF2A-903F76F1985C}.Debug|x64.ActiveCfg = Debug|x64
		{462B43B2-8B13-4178-BF2A-903F76F1985C}.Debug|x64.Build.0 = Debug|x64
		{462B43B2-8B13-4178-BF2A-903F76F1985C}.Debug|x86.ActiveCfg = Debug|Win32
		{462B43B2-8B13-4178-BF2A-903F76F1985C}.Debug|x86.Build.0 = Debug|Win32
		{462B43B2-8B13-4178-BF2A-903F76F1985C}.Release|Any CPU.ActiveCfg = Release|Win32
		{462B43B2-8B13-4178-BF2A-903F76F1985C}.Release|x64.ActiveCfg = Release|x64
		{462B43B2-8B13-4178-BF2A-903F76F1985C}.Release|x64.Build.0 = Release|x64
		{462B43B2-8B13-4178-BF2A-903F76F1985C}.Release|x86.ActiveCfg = Release|Win32
		{462B43B2-8B13-4178-BF2A-903F76F1985C}.Release|x86.Build.0 = Release|Win32
		{4133D528-AB6D-4CCD-AF37-67536F36154C}.Debug|Any CPU.ActiveCfg = Debug|Win32
		{4133D528-AB6D-4CCD-AF37-67536F36154C}.Debug|x64.ActiveCfg = Debug|x64
		{4133D528-AB6D-4CCD-AF37-67536F36154C}.Debug|x64.Build.0 = Debug|x64
		{4133D528-AB6D-4CCD-AF37-67536F36154C}.Debug|x86.ActiveCfg = Debug|Win32
		{4133D528-AB6D-4CCD-AF37-67536F36154C}.Debug|x86.Build.0 = Debug|Win32
		{4133D528-AB6D-4CCD-AF37-67536F36154C}.Release|Any CPU.ActiveCfg = Release|Win32
		{4133D528-AB6D-4CCD-AF37-67536F36154C}.Release|x64.ActiveCfg = Release|x64
		{4133D528-AB6D-4CCD-AF37-67536F36154C}.Release|x64.Build.0 = Release|x64
		{4133D528-AB6D-4CCD-AF37-67536F36154C}.Release|x86.ActiveCfg = Release|Win32
		{4133D528-AB6D-4CCD-AF37-67536F36154C}.Release|x86.Build.0 = Release|Win32
		{CA3129B8-1BF4-44C9-B116-53EC72D0BCCB}.Debug|Any CPU.ActiveCfg = Debug|Win32
		{CA3129B8-1BF4-44C9-B116-53EC72D0BCCB}.Debug|x64.ActiveCfg = Debug|Win32
		{CA3129B8-1BF4-44C9-B116-53EC72D0BCCB}.Debug|x86.ActiveCfg = Debug|Win32
		{CA3129B8-1BF4-44C9-B116-53EC72D0BCCB}.Debug|x86.Build.0 = Debug|Win32
		{CA3129B8-1BF4-44C9-B116-53EC72D0BCCB}.Release|Any CPU.ActiveCfg = Release|Win32
		{CA3129B8-1BF4-44C9-B116-53EC72D0BCCB}.Release|x64.ActiveCfg = Release|Win32
		{CA3129B8-1BF4-44C9-B116-53EC72D0BCCB}.Release|x86.ActiveCfg = Release|Win32
		{CA3129B8-1BF4-44C9-B116-53EC72D0BCCB}.Release|x86.Build.0 = Release|Win32
		{FD4E1C9E-ECA7-49CD-A3CE-B9F99864B835}.Debug|Any CPU.ActiveCfg = Debug|Win32
		{FD4E1C9E-ECA7-49CD-A3CE-B9F99864B835}.Debug|x64.ActiveCfg = Debug|x64
		{FD4E1C9E-ECA7-49CD-A3CE-B9F99864B835}.Debug|x64.Build.0 = Debug|x64
		{FD4E1C9E-ECA7-49CD-A3CE-B9F99864B835}.Debug|x86.ActiveCfg = Debug|Win32
		{FD4E1C9E-ECA7-49CD-A3CE-B9F99864B835}.Debug|x86.Build.0 = Debug|Win32
		{FD4E1C9E-ECA7-49CD-A3CE-B9F99864B835}.Release|Any CPU.ActiveCfg = Release|Win32
		{FD4E1C9E-ECA7-49CD-A3CE-B9F99864B835}.Release|x64.ActiveCfg = Release|x64
		{FD4E1C9E-ECA7-49CD-A3CE-B9F99864B835}.Release|x64.Build.0 = Release|x64
		{FD4E1C9E-ECA7-49CD-A3CE-B9F99864B835}.Release|x86.ActiveCfg = Release|Win32
		{FD4E1C9E-ECA7-49CD-A3CE-B9F99864B835}.Release|x86.Build.0 = Release|Win32
		{34F22703-E735-49BC-AD9C-7440A7B7E2AB}.Debug|Any CPU.ActiveCfg = Debug|Win32
		{34F22703-E735-49BC-AD9C-7440A7B7E2AB}.Debug|x64.ActiveCfg = Debug|x64
		{34F22703-E735-49BC-AD9C-7440A7B7E2AB}.Debug|x64.Build.0 = Debug|x64
		{34F22703-E735-49BC-AD9C-7440A7B7E2AB}.Debug|x86.ActiveCfg = Debug|Win32
		{34F22703-E735-49BC-AD9C-7440A7B7E2AB}.Debug|x86.Build.0 = Debug|Win32
		{34F22703-E735-49BC-AD9C-7440A7B7E2AB}.Release|Any CPU.ActiveCfg = Release|Win32
		{34F22703-E735-49BC-AD9C-7440A7B7E2AB}.Release|x64.ActiveCfg = Release|x64
		{34F22703-E735-49BC-AD9C-7440A7B7E2AB}.Release|x64.Build.0 = Release|x64
		{34F22703-E735-49BC-AD9C-7440A7B7E2AB}.Release|x86.ActiveCfg = Release|Win32
		{34F22703-E735-49BC-AD9C-7440A7B7E2AB}.Release|x86.Build.0 = Release|Win32
		{5E2548A1-C280-49E1-A2B6-55F4BA12B3F2}.Debug|Any CPU.ActiveCfg = Debug|Win32
		{5E2548A1-C280-49E1-A2B6-55F4BA12B3F2}.Debug|x64.ActiveCfg = Debug|x64
		{5E2548A1-C280-49E1-A2B6-55F4BA12B3F2}.Debug|x64.Build.0 = Debug|x64
		{5E2548A1-C280-49E1-A2B6-55F4BA12B3F2}.Debug|x86.ActiveCfg = Debug|Win32
		{5E2548A1-C280-49E1-A2B6-55F4BA12B3F2}.Debug|x86.Build.0 = Debug|Win32
		{5E2548A1-C280-49E1-A2B6-55F4BA12B3F2}.Release|Any CPU.ActiveCfg = Release|Win32
		{5E2548A1-C280-49E1-A2B6-55F4BA12B3F2}.Release|x64.ActiveCfg = Release|x64
		{5E2548A1-C280-49E1-A2B6-55F4BA12B3F2}.Release|x64.Build.0 = Release|x64
		{5E2548A1-C280-49E1-A2B6-55F4BA12B3F2}.Release|x86.ActiveCfg = Release|Win32
		{5E2548A1-C280-49E1-A2B6-55F4BA12B3F2}.Release|x86.Build.0 = Release|Win32
		{0A82ECDC-7520-453A-8F2C-D813FEEE7537}.Debug|Any CPU.ActiveCfg = Debug|Win32
		{0A82ECDC-7520-453A-8F2C-D813FEEE7537}.Debug|x64.ActiveCfg = Debug|Win32
		{0A82ECDC-7520-453A-8F2C-D813FEEE7537}.Debug|x86.ActiveCfg = Debug|Win32
		{0A82ECDC-7520-453A-8F2C-D813FEEE7537}.Debug|x86.Build.0 = Debug|Win32
		{0A82ECDC-7520-453A-8F2C-D813FEEE7537}.Release|Any CPU.ActiveCfg = Release|Win32
		{0A82ECDC-7520-453A-8F2C-D813FEEE7537}.Release|x64.ActiveCfg = Release|Win32
		{0A82ECDC-7520-453A-8F2C-D813FEEE7537}.Release|x86.ActiveCfg = Release|Win32
		{0A82ECDC-7520-453A-8F2C-D813FEEE7537}.Release|x86.Build.0 = Release|Win32
		{406B7BC4-3A0D-4E79-A55F-39E1FB33A5ED}.Debug|Any CPU.ActiveCfg = Debug|Win32
		{406B7BC4-3A0D-4E79-A55F-39E1FB33A5ED}.Debug|x64.ActiveCfg = Debug|Win32
		{406B7BC4-3A0D-4E79-A55F-39E1FB33A5ED}.Debug|x86.ActiveCfg = Debug|Win32
		{406B7BC4-3A0D-4E79-A55F-39E1FB33A5ED}.Debug|x86.Build.0 = Debug|Win32
		{406B7BC4-3A0D-4E79-A55F-39E1FB33A5ED}.Release|Any CPU.ActiveCfg = Release|Win32
		{406B7BC4-3A0D-4E79-A55F-39E1FB33A5ED}.Release|x64.ActiveCfg = Release|Win32
		{406B7BC4-3A0D-4E79-A55F-39E1FB33A5ED}.Release|x86.ActiveCfg = Release|Win32
		{406B7BC4-3A0D-4E79-A55F-39E1FB33A5ED}.Release|x86.Build.0 = Release|Win32
		{E683E9BA-1F9A-4236-BD75-288F90B1244C}.Debug|Any CPU.ActiveCfg = Debug|Win32
		{E683E9BA-1F9A-4236-BD75-288F90B1244C}.Debug|x64.ActiveCfg = Debug|Win32
		{E683E9BA-1F9A-4236-BD75-288F90B1244C}.Debug|x86.ActiveCfg = Debug|Win32
		{E683E9BA-1F9A-4236-BD75-288F90B1244C}.Debug|x86.Build.0 = Debug|Win32
		{E683E9BA-1F9A-4236-BD75-288F90B1244C}.Release|Any CPU.ActiveCfg = Release|Win32
		{E683E9BA-1F9A-4236-BD75-288F90B1244C}.Release|x64.ActiveCfg = Release|Win32
		{E683E9BA-1F9A-4236-BD75-288F90B1244C}.Release|x86.ActiveCfg = Release|Win32
		{E683E9BA-1F9A-4236-BD75-288F90B1244C}.Release|x86.Build.0 = Release|Win32
		{82A1627C-4365-4154-A360-301EB80F1521}.Debug|Any CPU.ActiveCfg = Debug|Win32
		{82A1627C-4365-4154-A360-301EB80F1521}.Debug|x64.ActiveCfg = Debug|Win32
		{82A1627C-4365-4154-A360-301EB80F1521}.Debug|x86.ActiveCfg = Debug|Win32
		{82A1627C-4365-4154-A360-301EB80F1521}.Debug|x86.Build.0 = Debug|Win32
		{82A1627C-4365-4154-A360-301EB80F1521}.Release|Any CPU.ActiveCfg = Release|Win32
		{82A1627C-4365-4154-A360-301EB80F1521}.Release|x64.ActiveCfg = Release|Win32
		{82A1627C-4365-4154-A360-301EB80F1521}.Release|x86.ActiveCfg = Release|Win32
		{82A1627C-4365-4154-A360-301EB80F1521}.Release|x86.Build.0 = Release|Win32
		{8A4B684D-3A0F-4008-8B82-142BB04E548A}.Debug|Any CPU.ActiveCfg = Debug|Win32
		{8A4B684D-3A0F-4008-8B82-142BB04E548A}.Debug|x64.ActiveCfg = Debug|x64
		{8A4B684D-3A0F-4008-8B82-142BB04E548A}.Debug|x64.Build.0 = Debug|x64
		{8A4B684D-3A0F-4008-8B82-142BB04E548A}.Debug|x86.ActiveCfg = Debug|Win32
		{8A4B684D-3A0F-4008-8B82-142BB04E548A}.Debug|x86.Build.0 = Debug|Win32
		{8A4B684D-3A0F-4008-8B82-142BB04E548A}.Release|Any CPU.ActiveCfg = Release|Win32
		{8A4B684D-3A0F-4008-8B82-142BB04E548A}.Release|x64.ActiveCfg = Release|x64
		{8A4B684D-3A0F-4008-8B82-142BB04E548A}.Release|x64.Build.0 = Release|x64
		{8A4B684D-3A0F-4008-8B82-142BB04E548A}.Release|x86.ActiveCfg = Release|Win32
		{8A4B684D-3A0F-4008-8B82-142BB04E548A}.Release|x86.Build.0 = Release|Win32
	EndGlobalSection
	GlobalSection(SolutionProperties) = preSolution
		HideSolutionNode = FALSE
	EndGlobalSection
	GlobalSection(ExtensibilityGlobals) = postSolution
		SolutionGuid = {E382670F-E54A-48F9-A281-A5B805C8EB88}
	EndGlobalSection
EndGlobal
